
Microsoft Visual Studio Solution File, Format Version 12.00
Project("{FAE04EC0-301F-11D3-BF4B-00C04F79EFBC}") = "TodoApi", "TodoApi\TodoApi.csproj", "{5E2C01F6-86E7-49FC-9C15-53EC41D0639F}"
EndProject
Project("{FAE04EC0-301F-11D3-BF4B-00C04F79EFBC}") = "TodoApi.Tests", "TodoApi.Tests\TodoApi.Tests.csproj", "{5EBCA863-6D47-419A-B1AB-8CAC918FEA45}"
EndProject
Global
	GlobalSection(SolutionConfigurationPlatforms) = preSolution
		Debug|Any CPU = Debug|Any CPU
		Release|Any CPU = Release|Any CPU
	EndGlobalSection
	GlobalSection(ProjectConfigurationPlatforms) = postSolution
		{5E2C01F6-86E7-49FC-9C15-53EC41D0639F}.Debug|Any CPU.ActiveCfg = Debug|Any CPU
		{5E2C01F6-86E7-49FC-9C15-53EC41D0639F}.Debug|Any CPU.Build.0 = Debug|Any CPU
		{5E2C01F6-86E7-49FC-9C15-53EC41D0639F}.Release|Any CPU.ActiveCfg = Release|Any CPU
		{5E2C01F6-86E7-49FC-9C15-53EC41D0639F}.Release|Any CPU.Build.0 = Release|Any CPU
		{5EBCA863-6D47-419A-B1AB-8CAC918FEA45}.Debug|Any CPU.ActiveCfg = Debug|Any CPU
		{5EBCA863-6D47-419A-B1AB-8CAC918FEA45}.Debug|Any CPU.Build.0 = Debug|Any CPU
		{5EBCA863-6D47-419A-B1AB-8CAC918FEA45}.Release|Any CPU.ActiveCfg = Release|Any CPU
		{5EBCA863-6D47-419A-B1AB-8CAC918FEA45}.Release|Any CPU.Build.0 = Release|Any CPU
	EndGlobalSection
EndGlobal
